
Microsoft Visual Studio Solution File, Format Version 12.00
# Visual Studio Version 16
VisualStudioVersion = 25.0.1706.3
MinimumVisualStudioVersion = 10.0.40219.1
Project("{FAE04EC0-301F-11D3-BF4B-00C04F79EFBC}") = "netboilerplate", "netboilerplate\netboilerplate.csproj", "{0946351C-58F4-406F-A59A-F81F8B1E0AE1}"
EndProject
Global
	GlobalSection(SolutionConfigurationPlatforms) = preSolution
		Debug|Any CPU = Debug|Any CPU
		Release|Any CPU = Release|Any CPU
	EndGlobalSection
	GlobalSection(ProjectConfigurationPlatforms) = postSolution
		{0946351C-58F4-406F-A59A-F81F8B1E0AE1}.Debug|Any CPU.ActiveCfg = Debug|Any CPU
		{0946351C-58F4-406F-A59A-F81F8B1E0AE1}.Debug|Any CPU.Build.0 = Debug|Any CPU
		{0946351C-58F4-406F-A59A-F81F8B1E0AE1}.Release|Any CPU.ActiveCfg = Release|Any CPU
		{0946351C-58F4-406F-A59A-F81F8B1E0AE1}.Release|Any CPU.Build.0 = Release|Any CPU
	EndGlobalSection
	GlobalSection(SolutionProperties) = preSolution
		HideSolutionNode = FALSE
	EndGlobalSection
	GlobalSection(ExtensibilityGlobals) = postSolution
		SolutionGuid = {BD6F5D4A-94C8-4ACD-9E30-5C990F8562F7}
	EndGlobalSection
EndGlobal
